
Microsoft Visual Studio Solution File, Format Version 12.00
# Visual Studio Version 17
VisualStudioVersion = 17.2.32630.192
MinimumVisualStudioVersion = 10.0.40219.1
Project("{9A19103F-16F7-4668-BE54-9A1E7A4F7556}") = "WalletPayment.Api", "WalletPayment.Api\WalletPayment.Api.csproj", "{C538EC7A-952D-4916-BECD-45A34CB17C29}"
EndProject
Project("{9A19103F-16F7-4668-BE54-9A1E7A4F7556}") = "WalletPayment.Models", "WalletPayment.Models\WalletPayment.Models.csproj", "{EA7D0A23-2DE4-41A5-9E6B-741383FD7CD7}"
EndProject
Project("{9A19103F-16F7-4668-BE54-9A1E7A4F7556}") = "WalletPayment.Services", "WalletPayment.Services\WalletPayment.Services.csproj", "{8EEB02FC-6969-4671-AAE3-BDA172420C77}"
EndProject
Project("{9A19103F-16F7-4668-BE54-9A1E7A4F7556}") = "WalletPayment.Validation", "WalletPayment.Validation\WalletPayment.Validation.csproj", "{198E3718-E499-44B9-A497-8EA279221F5E}"
EndProject
Project("{FAE04EC0-301F-11D3-BF4B-00C04F79EFBC}") = "NotificationService", "NotificationService\NotificationService.csproj", "{720418B2-1698-4F0F-BECB-38F7705A9D8E}"
EndProject
Global
	GlobalSection(SolutionConfigurationPlatforms) = preSolution
		Debug|Any CPU = Debug|Any CPU
		Release|Any CPU = Release|Any CPU
	EndGlobalSection
	GlobalSection(ProjectConfigurationPlatforms) = postSolution
		{C538EC7A-952D-4916-BECD-45A34CB17C29}.Debug|Any CPU.ActiveCfg = Debug|Any CPU
		{C538EC7A-952D-4916-BECD-45A34CB17C29}.Debug|Any CPU.Build.0 = Debug|Any CPU
		{C538EC7A-952D-4916-BECD-45A34CB17C29}.Release|Any CPU.ActiveCfg = Release|Any CPU
		{C538EC7A-952D-4916-BECD-45A34CB17C29}.Release|Any CPU.Build.0 = Release|Any CPU
		{EA7D0A23-2DE4-41A5-9E6B-741383FD7CD7}.Debug|Any CPU.ActiveCfg = Debug|Any CPU
		{EA7D0A23-2DE4-41A5-9E6B-741383FD7CD7}.Debug|Any CPU.Build.0 = Debug|Any CPU
		{EA7D0A23-2DE4-41A5-9E6B-741383FD7CD7}.Release|Any CPU.ActiveCfg = Release|Any CPU
		{EA7D0A23-2DE4-41A5-9E6B-741383FD7CD7}.Release|Any CPU.Build.0 = Release|Any CPU
		{8EEB02FC-6969-4671-AAE3-BDA172420C77}.Debug|Any CPU.ActiveCfg = Debug|Any CPU
		{8EEB02FC-6969-4671-AAE3-BDA172420C77}.Debug|Any CPU.Build.0 = Debug|Any CPU
		{8EEB02FC-6969-4671-AAE3-BDA172420C77}.Release|Any CPU.ActiveCfg = Release|Any CPU
		{8EEB02FC-6969-4671-AAE3-BDA172420C77}.Release|Any CPU.Build.0 = Release|Any CPU
		{198E3718-E499-44B9-A497-8EA279221F5E}.Debug|Any CPU.ActiveCfg = Debug|Any CPU
		{198E3718-E499-44B9-A497-8EA279221F5E}.Debug|Any CPU.Build.0 = Debug|Any CPU
		{198E3718-E499-44B9-A497-8EA279221F5E}.Release|Any CPU.ActiveCfg = Release|Any CPU
		{198E3718-E499-44B9-A497-8EA279221F5E}.Release|Any CPU.Build.0 = Release|Any CPU
		{720418B2-1698-4F0F-BECB-38F7705A9D8E}.Debug|Any CPU.ActiveCfg = Debug|Any CPU
		{720418B2-1698-4F0F-BECB-38F7705A9D8E}.Debug|Any CPU.Build.0 = Debug|Any CPU
		{720418B2-1698-4F0F-BECB-38F7705A9D8E}.Release|Any CPU.ActiveCfg = Release|Any CPU
		{720418B2-1698-4F0F-BECB-38F7705A9D8E}.Release|Any CPU.Build.0 = Release|Any CPU
	EndGlobalSection
	GlobalSection(SolutionProperties) = preSolution
		HideSolutionNode = FALSE
	EndGlobalSection
	GlobalSection(ExtensibilityGlobals) = postSolution
		SolutionGuid = {CB25B6BF-A9F1-4396-9025-DBF5EA2F8061}
	EndGlobalSection
EndGlobal
